
Microsoft Visual Studio Solution File, Format Version 12.00
# Visual Studio 15
VisualStudioVersion = 15.0.26403.3
MinimumVisualStudioVersion = 10.0.40219.1
Project("{2150E333-8FDC-42A3-9474-1A3956D46DE8}") = "src", "src", "{56DA3AC9-B158-4B81-8752-B1422FAC530F}"
EndProject
Project("{2150E333-8FDC-42A3-9474-1A3956D46DE8}") = "Solution Items", "Solution Items", "{007CA26D-C71D-4486-9164-748B823325B5}"
EndProject
Project("{2150E333-8FDC-42A3-9474-1A3956D46DE8}") = "test", "test", "{BC91E1A7-6579-4A24-8267-72DAD8BAB3BD}"
EndProject
Project("{9A19103F-16F7-4668-BE54-9A1E7A4F7556}") = "SandwichClub.Api", "src\SandwichClub.Api\SandwichClub.Api.csproj", "{8EC21B97-4002-4C01-8F99-612328036FC6}"
EndProject
Project("{9A19103F-16F7-4668-BE54-9A1E7A4F7556}") = "SandwichClub.Api.Tests", "test\SandwichClub.Api.Tests\SandwichClub.Api.Tests.csproj", "{192B8B46-571C-40B7-83EC-4B0FE8837BED}"
EndProject
Global
	GlobalSection(SolutionConfigurationPlatforms) = preSolution
		Debug|Any CPU = Debug|Any CPU
		Release|Any CPU = Release|Any CPU
	EndGlobalSection
	GlobalSection(ProjectConfigurationPlatforms) = postSolution
		{8EC21B97-4002-4C01-8F99-612328036FC6}.Debug|Any CPU.ActiveCfg = Debug|Any CPU
		{8EC21B97-4002-4C01-8F99-612328036FC6}.Debug|Any CPU.Build.0 = Debug|Any CPU
		{8EC21B97-4002-4C01-8F99-612328036FC6}.Release|Any CPU.ActiveCfg = Release|Any CPU
		{8EC21B97-4002-4C01-8F99-612328036FC6}.Release|Any CPU.Build.0 = Release|Any CPU
		{192B8B46-571C-40B7-83EC-4B0FE8837BED}.Debug|Any CPU.ActiveCfg = Debug|Any CPU
		{192B8B46-571C-40B7-83EC-4B0FE8837BED}.Debug|Any CPU.Build.0 = Debug|Any CPU
		{192B8B46-571C-40B7-83EC-4B0FE8837BED}.Release|Any CPU.ActiveCfg = Release|Any CPU
		{192B8B46-571C-40B7-83EC-4B0FE8837BED}.Release|Any CPU.Build.0 = Release|Any CPU
	EndGlobalSection
	GlobalSection(SolutionProperties) = preSolution
		HideSolutionNode = FALSE
	EndGlobalSection
	GlobalSection(NestedProjects) = preSolution
		{8EC21B97-4002-4C01-8F99-612328036FC6} = {56DA3AC9-B158-4B81-8752-B1422FAC530F}
		{192B8B46-571C-40B7-83EC-4B0FE8837BED} = {BC91E1A7-6579-4A24-8267-72DAD8BAB3BD}
	EndGlobalSection
EndGlobal
